// !$*UTF8*$!
{
	archiveVersion = 1;
	classes = {
	};
	objectVersion = 46;
	objects = {

/* Begin PBXBuildFile section */
		C9266BD11D24C8E200C9F870 /* AppDelegate.swift in Sources */ = {isa = PBXBuildFile; fileRef = C9266BD01D24C8E200C9F870 /* AppDelegate.swift */; };
		C9266BD31D24C8E200C9F870 /* ViewController.swift in Sources */ = {isa = PBXBuildFile; fileRef = C9266BD21D24C8E200C9F870 /* ViewController.swift */; };
		C9266BD61D24C8E200C9F870 /* Main.storyboard in Resources */ = {isa = PBXBuildFile; fileRef = C9266BD41D24C8E200C9F870 /* Main.storyboard */; };
		C9266BD81D24C8E200C9F870 /* Assets.xcassets in Resources */ = {isa = PBXBuildFile; fileRef = C9266BD71D24C8E200C9F870 /* Assets.xcassets */; };
		C9266BDB1D24C8E200C9F870 /* LaunchScreen.storyboard in Resources */ = {isa = PBXBuildFile; fileRef = C9266BD91D24C8E200C9F870 /* LaunchScreen.storyboard */; };
/* End PBXBuildFile section */

/* Begin PBXFileReference section */
		C9266BCD1D24C8E200C9F870 /* CountryQuiz.app */ = {isa = PBXFileReference; explicitFileType = wrapper.application; includeInIndex = 0; path = CountryQuiz.app; sourceTree = BUILT_PRODUCTS_DIR; };
		C9266BD01D24C8E200C9F870 /* AppDelegate.swift */ = {isa = PBXFileReference; lastKnownFileType = sourcecode.swift; path = AppDelegate.swift; sourceTree = "<group>"; };
		C9266BD21D24C8E200C9F870 /* ViewController.swift */ = {isa = PBXFileReference; lastKnownFileType = sourcecode.swift; path = ViewController.swift; sourceTree = "<group>"; };
		C9266BD51D24C8E200C9F870 /* Base */ = {isa = PBXFileReference; lastKnownFileType = file.storyboard; name = Base; path = Base.lproj/Main.storyboard; sourceTree = "<group>"; };
		C9266BD71D24C8E200C9F870 /* Assets.xcassets */ = {isa = PBXFileReference; lastKnownFileType = folder.assetcatalog; path = Assets.xcassets; sourceTree = "<group>"; };
		C9266BDA1D24C8E200C9F870 /* Base */ = {isa = PBXFileReference; lastKnownFileType = file.storyboard; name = Base; path = Base.lproj/LaunchScreen.storyboard; sourceTree = "<group>"; };
		C9266BDC1D24C8E200C9F870 /* Info.plist */ = {isa = PBXFileReference; lastKnownFileType = text.plist.xml; path = Info.plist; sourceTree = "<group>"; };
/* End PBXFileReference section */

/* Begin PBXFrameworksBuildPhase section */
		C9266BCA1D24C8E200C9F870 /* Frameworks */ = {
			isa = PBXFrameworksBuildPhase;
			buildActionMask = 2147483647;
			files = (
			);
			runOnlyForDeploymentPostprocessing = 0;
		};
/* End PBXFrameworksBuildPhase section */

/* Begin PBXGroup section */
		C9266BC41D24C8E100C9F870 = {
			isa = PBXGroup;
			children = (
				C9266BCF1D24C8E200C9F870 /* CountryQuiz */,
				C9266BCE1D24C8E200C9F870 /* Products */,
			);
			sourceTree = "<group>";
		};
		C9266BCE1D24C8E200C9F870 /* Products */ = {
			isa = PBXGroup;
			children = (
				C9266BCD1D24C8E200C9F870 /* CountryQuiz.app */,
			);
			name = Products;
			sourceTree = "<group>";
		};
		C9266BCF1D24C8E200C9F870 /* CountryQuiz */ = {
			isa = PBXGroup;
			children = (
				C9266BD01D24C8E200C9F870 /* AppDelegate.swift */,
				C9266BD21D24C8E200C9F870 /* ViewController.swift */,
				C9266BD41D24C8E200C9F870 /* Main.storyboard */,
				C9266BD71D24C8E200C9F870 /* Assets.xcassets */,
				C9266BD91D24C8E200C9F870 /* LaunchScreen.storyboard */,
				C9266BDC1D24C8E200C9F870 /* Info.plist */,
			);
			path = CountryQuiz;
			sourceTree = "<group>";
		};
/* End PBXGroup section */

/* Begin PBXNativeTarget section */
		C9266BCC1D24C8E200C9F870 /* CountryQuiz */ = {
			isa = PBXNativeTarget;
			buildConfigurationList = C9266BDF1D24C8E200C9F870 /* Build configuration list for PBXNativeTarget "CountryQuiz" */;
			buildPhases = (
				C9266BC91D24C8E200C9F870 /* Sources */,
				C9266BCA1D24C8E200C9F870 /* Frameworks */,
				C9266BCB1D24C8E200C9F870 /* Resources */,
			);
			buildRules = (
			);
			dependencies = (
			);
			name = CountryQuiz;
			productName = CountryQuiz;
			productReference = C9266BCD1D24C8E200C9F870 /* CountryQuiz.app */;
			productType = "com.apple.product-type.application";
		};
/* End PBXNativeTarget section */

/* Begin PBXProject section */
		C9266BC51D24C8E200C9F870 /* Project object */ = {
			isa = PBXProject;
			attributes = {
				LastSwiftUpdateCheck = 0730;
				LastUpgradeCheck = 0730;
				ORGANIZATIONNAME = della;
				TargetAttributes = {
					C9266BCC1D24C8E200C9F870 = {
						CreatedOnToolsVersion = 7.3.1;
						DevelopmentTeam = B3V4C2NCHL;
					};
				};
			};
			buildConfigurationList = C9266BC81D24C8E200C9F870 /* Build configuration list for PBXProject "CountryQuiz" */;
			compatibilityVersion = "Xcode 3.2";
			developmentRegion = English;
			hasScannedForEncodings = 0;
			knownRegions = (
				en,
				Base,
			);
			mainGroup = C9266BC41D24C8E100C9F870;
			productRefGroup = C9266BCE1D24C8E200C9F870 /* Products */;
			projectDirPath = "";
			projectRoot = "";
			targets = (
				C9266BCC1D24C8E200C9F870 /* CountryQuiz */,
			);
		};
/* End PBXProject section */

/* Begin PBXResourcesBuildPhase section */
		C9266BCB1D24C8E200C9F870 /* Resources */ = {
			isa = PBXResourcesBuildPhase;
			buildActionMask = 2147483647;
			files = (
				C9266BDB1D24C8E200C9F870 /* LaunchScreen.storyboard in Resources */,
				C9266BD81D24C8E200C9F870 /* Assets.xcassets in Resources */,
				C9266BD61D24C8E200C9F870 /* Main.storyboard in Resources */,
			);
			runOnlyForDeploymentPostprocessing = 0;
		};
/* End PBXResourcesBuildPhase section */

/* Begin PBXSourcesBuildPhase section */
		C9266BC91D24C8E200C9F870 /* Sources */ = {
			isa = PBXSourcesBuildPhase;
			buildActionMask = 2147483647;
			files = (
				C9266BD31D24C8E200C9F870 /* ViewController.swift in Sources */,
				C9266BD11D24C8E200C9F870 /* AppDelegate.swift in Sources */,
			);
			runOnlyForDeploymentPostprocessing = 0;
		};
/* End PBXSourcesBuildPhase section */

/* Begin PBXVariantGroup section */
		C9266BD41D24C8E200C9F870 /* Main.storyboard */ = {
			isa = PBXVariantGroup;
			children = (
				C9266BD51D24C8E200C9F870 /* Base */,
			);
			name = Main.storyboard;
			sourceTree = "<group>";
		};
		C9266BD91D24C8E200C9F870 /* LaunchScreen.storyboard */ = {
			isa = PBXVariantGroup;
			children = (
				C9266BDA1D24C8E200C9F870 /* Base */,
			);
			name = LaunchScreen.storyboard;
			sourceTree = "<group>";
		};
/* End PBXVariantGroup section */

/* Begin XCBuildConfiguration section */
		C9266BDD1D24C8E200C9F870 /* Debug */ = {
			isa = XCBuildConfiguration;
			buildSettings = {
				ALWAYS_SEARCH_USER_PATHS = NO;
				CLANG_ANALYZER_NONNULL = YES;
				CLANG_CXX_LANGUAGE_STANDARD = "gnu++0x";
				CLANG_CXX_LIBRARY = "libc++";
				CLANG_ENABLE_MODULES = YES;
				CLANG_ENABLE_OBJC_ARC = YES;
				CLANG_WARN_BOOL_CONVERSION = YES;
				CLANG_WARN_CONSTANT_CONVERSION = YES;
				CLANG_WARN_DIRECT_OBJC_ISA_USAGE = YES_ERROR;
				CLANG_WARN_EMPTY_BODY = YES;
				CLANG_WARN_ENUM_CONVERSION = YES;
				CLANG_WARN_INT_CONVERSION = YES;
				CLANG_WARN_OBJC_ROOT_CLASS = YES_ERROR;
				CLANG_WARN_UNREACHABLE_CODE = YES;
				CLANG_WARN__DUPLICATE_METHOD_MATCH = YES;
				"CODE_SIGN_IDENTITY[sdk=iphoneos*]" = "iPhone Developer";
				COPY_PHASE_STRIP = NO;
				DEBUG_INFORMATION_FORMAT = dwarf;
				ENABLE_STRICT_OBJC_MSGSEND = YES;
				ENABLE_TESTABILITY = YES;
				GCC_C_LANGUAGE_STANDARD = gnu99;
				GCC_DYNAMIC_NO_PIC = NO;
				GCC_NO_COMMON_BLOCKS = YES;
				GCC_OPTIMIZATION_LEVEL = 0;
				GCC_PREPROCESSOR_DEFINITIONS = (
					"DEBUG=1",
					"$(inherited)",
				);
				GCC_WARN_64_TO_32_BIT_CONVERSION = YES;
				GCC_WARN_ABOUT_RETURN_TYPE = YES_ERROR;
				GCC_WARN_UNDECLARED_SELECTOR = YES;
				GCC_WARN_UNINITIALIZED_AUTOS = YES_AGGRESSIVE;
				GCC_WARN_UNUSED_FUNCTION = YES;
				GCC_WARN_UNUSED_VARIABLE = YES;
				IPHONEOS_DEPLOYMENT_TARGET = 9.3;
				MTL_ENABLE_DEBUG_INFO = YES;
				ONLY_ACTIVE_ARCH = YES;
				SDKROOT = iphoneos;
				SWIFT_OPTIMIZATION_LEVEL = "-Onone";
				TARGETED_DEVICE_FAMILY = "1,2";
			};
			name = Debug;
		};
		C9266BDE1D24C8E200C9F870 /* Release */ = {
			isa = XCBuildConfiguration;
			buildSettings = {
				ALWAYS_SEARCH_USER_PATHS = NO;
				CLANG_ANALYZER_NONNULL = YES;
				CLANG_CXX_LANGUAGE_STANDARD = "gnu++0x";
				CLANG_CXX_LIBRARY = "libc++";
				CLANG_ENABLE_MODULES = YES;
				CLANG_ENABLE_OBJC_ARC = YES;
				CLANG_WARN_BOOL_CONVERSION = YES;
				CLANG_WARN_CONSTANT_CONVERSION = YES;
				CLANG_WARN_DIRECT_OBJC_ISA_USAGE = YES_ERROR;
				CLANG_WARN_EMPTY_BODY = YES;
				CLANG_WARN_ENUM_CONVERSION = YES;
				CLANG_WARN_INT_CONVERSION = YES;
				CLANG_WARN_OBJC_ROOT_CLASS = YES_ERROR;
				CLANG_WARN_UNREACHABLE_CODE = YES;
				CLANG_WARN__DUPLICATE_METHOD_MATCH = YES;
				"CODE_SIGN_IDENTITY[sdk=iphoneos*]" = "iPhone Developer";
				COPY_PHASE_STRIP = NO;
				DEBUG_INFORMATION_FORMAT = "dwarf-with-dsym";
				ENABLE_NS_ASSERTIONS = NO;
				ENABLE_STRICT_OBJC_MSGSEND = YES;
				GCC_C_LANGUAGE_STANDARD = gnu99;
				GCC_NO_COMMON_BLOCKS = YES;
				GCC_WARN_64_TO_32_BIT_CONVERSION = YES;
				GCC_WARN_ABOUT_RETURN_TYPE = YES_ERROR;
				GCC_WARN_UNDECLARED_SELECTOR = YES;
				GCC_WARN_UNINITIALIZED_AUTOS = YES_AGGRESSIVE;
				GCC_WARN_UNUSED_FUNCTION = YES;
				GCC_WARN_UNUSED_VARIABLE = YES;
				IPHONEOS_DEPLOYMENT_TARGET = 9.3;
				MTL_ENABLE_DEBUG_INFO = NO;
				SDKROOT = iphoneos;
				TARGETED_DEVICE_FAMILY = "1,2";
				VALIDATE_PRODUCT = YES;
			};
			name = Release;
		};
		C9266BE01D24C8E200C9F870 /* Debug */ = {
			isa = XCBuildConfiguration;
			buildSettings = {
				ASSETCATALOG_COMPILER_APPICON_NAME = AppIcon;
				CODE_SIGN_IDENTITY = "iPhone Developer";
				INFOPLIST_FILE = CountryQuiz/Info.plist;
				LD_RUNPATH_SEARCH_PATHS = "$(inherited) @executable_path/Frameworks";
				PRODUCT_BUNDLE_IDENTIFIER = com.della.CountryQuiz;
				PRODUCT_NAME = "$(TARGET_NAME)";
			};
			name = Debug;
		};
		C9266BE11D24C8E200C9F870 /* Release */ = {
			isa = XCBuildConfiguration;
			buildSettings = {
				ASSETCATALOG_COMPILER_APPICON_NAME = AppIcon;
				CODE_SIGN_IDENTITY = "iPhone Developer";
				INFOPLIST_FILE = CountryQuiz/Info.plist;
				LD_RUNPATH_SEARCH_PATHS = "$(inherited) @executable_path/Frameworks";
				PRODUCT_BUNDLE_IDENTIFIER = com.della.CountryQuiz;
				PRODUCT_NAME = "$(TARGET_NAME)";
			};
			name = Release;
		};
/* End XCBuildConfiguration section */

/* Begin XCConfigurationList section */
		C9266BC81D24C8E200C9F870 /* Build configuration list for PBXProject "CountryQuiz" */ = {
			isa = XCConfigurationList;
			buildConfigurations = (
				C9266BDD1D24C8E200C9F870 /* Debug */,
				C9266BDE1D24C8E200C9F870 /* Release */,
			);
			defaultConfigurationIsVisible = 0;
			defaultConfigurationName = Release;
		};
		C9266BDF1D24C8E200C9F870 /* Build configuration list for PBXNativeTarget "CountryQuiz" */ = {
			isa = XCConfigurationList;
			buildConfigurations = (
				C9266BE01D24C8E200C9F870 /* Debug */,
				C9266BE11D24C8E200C9F870 /* Release */,
			);
			defaultConfigurationIsVisible = 0;
		};
/* End XCConfigurationList section */
	};
	rootObject = C9266BC51D24C8E200C9F870 /* Project object */;
}
